
Microsoft Visual Studio Solution File, Format Version 12.00
# Visual Studio Version 16
VisualStudioVersion = 16.0.31025.194
MinimumVisualStudioVersion = 10.0.40219.1
Project("{9A19103F-16F7-4668-BE54-9A1E7A4F7556}") = "Erdcsharp", "Erdcsharp.csproj", "{27131229-2F55-4FCE-8CA9-515FEB9A790D}"
EndProject
Project("{2150E333-8FDC-42A3-9474-1A3956D46DE8}") = "src", "src", "{CAD5A9A8-7F27-45FC-875C-4566C53233E3}"
EndProject
Project("{2150E333-8FDC-42A3-9474-1A3956D46DE8}") = "tests", "tests", "{4C11B2A7-FE67-440D-9627-4C5E1FFA6909}"
EndProject
Project("{2150E333-8FDC-42A3-9474-1A3956D46DE8}") = "Solution Items", "Solution Items", "{89BE6A83-2144-4EB2-A314-B9FCA2CFFD90}"
	ProjectSection(SolutionItems) = preProject
		.editorconfig = .editorconfig
		..\LICENSE.txt = ..\LICENSE.txt
		..\README.md = ..\README.md
	EndProjectSection
EndProject
Project("{9A19103F-16F7-4668-BE54-9A1E7A4F7556}") = "Erdcsharp.UnitTests", "..\tests\Erdcsharp.Tests\Erdcsharp.UnitTests.csproj", "{648AC8DF-BCCB-4410-8EE2-5678F294E707}"
EndProject
Project("{2150E333-8FDC-42A3-9474-1A3956D46DE8}") = ".NET 5.0", ".NET 5.0", "{032642F4-BFB4-4F72-9981-3F9CD04A4FA6}"
EndProject
Project("{2150E333-8FDC-42A3-9474-1A3956D46DE8}") = ".NET Framework 4.6.1", ".NET Framework 4.6.1", "{43B33CE4-8A5D-44A0-B053-F50ECFC9E273}"
EndProject
Project("{FAE04EC0-301F-11D3-BF4B-00C04F79EFBC}") = "Erdcsharp.Console.NET_Framework", "..\tests\Erdcsharp.Console.NET_Framework\Erdcsharp.Console.NET_Framework.csproj", "{76BCB232-AECF-49E1-A364-2BD9EDF4634F}"
EndProject
Project("{2150E333-8FDC-42A3-9474-1A3956D46DE8}") = ".NET Core 3.1", ".NET Core 3.1", "{6027F23C-1462-4647-8F3D-E0269D3CA289}"
EndProject
Project("{9A19103F-16F7-4668-BE54-9A1E7A4F7556}") = "Erdcsharp.Console.NET_Core_3.1", "..\tests\Erdcsharp.Console.NET_Core_3.1\Erdcsharp.Console.NET_Core_3.1.csproj", "{BE880803-1138-4D10-8B2C-B723D8734A4D}"
EndProject
Project("{9A19103F-16F7-4668-BE54-9A1E7A4F7556}") = "Erdcsharp.Console.NET 5.0", "..\tests\Erdcsharp.Console.NET 5.0\Erdcsharp.Console.NET 5.0.csproj", "{931A7D06-10B9-473B-9E8B-6A94DE05C1B5}"
EndProject
Project("{2150E333-8FDC-42A3-9474-1A3956D46DE8}") = "Examples", "Examples", "{7A07DF88-D06A-479A-8E54-FB7FADE26C81}"
EndProject
Project("{9A19103F-16F7-4668-BE54-9A1E7A4F7556}") = "Erdcsharp.IntegrationTests", "..\tests\Erdcsharp.IntegrationTests\Erdcsharp.IntegrationTests.csproj", "{E48A4A6E-37D7-4878-82F2-A6CB7E9EC06F}"
EndProject
Project("{2150E333-8FDC-42A3-9474-1A3956D46DE8}") = "docs", "docs", "{AFD4B8FF-CD82-4B93-9070-DABAB3F7774A}"
	ProjectSection(SolutionItems) = preProject
		..\docs\advanced.md = ..\docs\advanced.md
		..\docs\basic.md = ..\docs\basic.md
		..\docs\index.md = ..\docs\index.md
	EndProjectSection
EndProject
Global
	GlobalSection(SolutionConfigurationPlatforms) = preSolution
		Debug|Any CPU = Debug|Any CPU
		Release|Any CPU = Release|Any CPU
	EndGlobalSection
	GlobalSection(ProjectConfigurationPlatforms) = postSolution
		{27131229-2F55-4FCE-8CA9-515FEB9A790D}.Debug|Any CPU.ActiveCfg = Debug|Any CPU
		{27131229-2F55-4FCE-8CA9-515FEB9A790D}.Debug|Any CPU.Build.0 = Debug|Any CPU
		{27131229-2F55-4FCE-8CA9-515FEB9A790D}.Release|Any CPU.ActiveCfg = Release|Any CPU
		{27131229-2F55-4FCE-8CA9-515FEB9A790D}.Release|Any CPU.Build.0 = Release|Any CPU
		{648AC8DF-BCCB-4410-8EE2-5678F294E707}.Debug|Any CPU.ActiveCfg = Debug|Any CPU
		{648AC8DF-BCCB-4410-8EE2-5678F294E707}.Debug|Any CPU.Build.0 = Debug|Any CPU
		{648AC8DF-BCCB-4410-8EE2-5678F294E707}.Release|Any CPU.ActiveCfg = Release|Any CPU
		{648AC8DF-BCCB-4410-8EE2-5678F294E707}.Release|Any CPU.Build.0 = Release|Any CPU
		{76BCB232-AECF-49E1-A364-2BD9EDF4634F}.Debug|Any CPU.ActiveCfg = Debug|Any CPU
		{76BCB232-AECF-49E1-A364-2BD9EDF4634F}.Debug|Any CPU.Build.0 = Debug|Any CPU
		{76BCB232-AECF-49E1-A364-2BD9EDF4634F}.Release|Any CPU.ActiveCfg = Release|Any CPU
		{76BCB232-AECF-49E1-A364-2BD9EDF4634F}.Release|Any CPU.Build.0 = Release|Any CPU
		{BE880803-1138-4D10-8B2C-B723D8734A4D}.Debug|Any CPU.ActiveCfg = Debug|Any CPU
		{BE880803-1138-4D10-8B2C-B723D8734A4D}.Debug|Any CPU.Build.0 = Debug|Any CPU
		{BE880803-1138-4D10-8B2C-B723D8734A4D}.Release|Any CPU.ActiveCfg = Release|Any CPU
		{BE880803-1138-4D10-8B2C-B723D8734A4D}.Release|Any CPU.Build.0 = Release|Any CPU
		{931A7D06-10B9-473B-9E8B-6A94DE05C1B5}.Debug|Any CPU.ActiveCfg = Debug|Any CPU
		{931A7D06-10B9-473B-9E8B-6A94DE05C1B5}.Debug|Any CPU.Build.0 = Debug|Any CPU
		{931A7D06-10B9-473B-9E8B-6A94DE05C1B5}.Release|Any CPU.ActiveCfg = Release|Any CPU
		{931A7D06-10B9-473B-9E8B-6A94DE05C1B5}.Release|Any CPU.Build.0 = Release|Any CPU
		{E48A4A6E-37D7-4878-82F2-A6CB7E9EC06F}.Debug|Any CPU.ActiveCfg = Debug|Any CPU
		{E48A4A6E-37D7-4878-82F2-A6CB7E9EC06F}.Debug|Any CPU.Build.0 = Debug|Any CPU
		{E48A4A6E-37D7-4878-82F2-A6CB7E9EC06F}.Release|Any CPU.ActiveCfg = Release|Any CPU
		{E48A4A6E-37D7-4878-82F2-A6CB7E9EC06F}.Release|Any CPU.Build.0 = Release|Any CPU
	EndGlobalSection
	GlobalSection(SolutionProperties) = preSolution
		HideSolutionNode = FALSE
	EndGlobalSection
	GlobalSection(NestedProjects) = preSolution
		{27131229-2F55-4FCE-8CA9-515FEB9A790D} = {CAD5A9A8-7F27-45FC-875C-4566C53233E3}
		{648AC8DF-BCCB-4410-8EE2-5678F294E707} = {4C11B2A7-FE67-440D-9627-4C5E1FFA6909}
		{032642F4-BFB4-4F72-9981-3F9CD04A4FA6} = {7A07DF88-D06A-479A-8E54-FB7FADE26C81}
		{43B33CE4-8A5D-44A0-B053-F50ECFC9E273} = {7A07DF88-D06A-479A-8E54-FB7FADE26C81}
		{76BCB232-AECF-49E1-A364-2BD9EDF4634F} = {43B33CE4-8A5D-44A0-B053-F50ECFC9E273}
		{6027F23C-1462-4647-8F3D-E0269D3CA289} = {7A07DF88-D06A-479A-8E54-FB7FADE26C81}
		{BE880803-1138-4D10-8B2C-B723D8734A4D} = {6027F23C-1462-4647-8F3D-E0269D3CA289}
		{931A7D06-10B9-473B-9E8B-6A94DE05C1B5} = {032642F4-BFB4-4F72-9981-3F9CD04A4FA6}
		{7A07DF88-D06A-479A-8E54-FB7FADE26C81} = {4C11B2A7-FE67-440D-9627-4C5E1FFA6909}
		{E48A4A6E-37D7-4878-82F2-A6CB7E9EC06F} = {4C11B2A7-FE67-440D-9627-4C5E1FFA6909}
	EndGlobalSection
	GlobalSection(ExtensibilityGlobals) = postSolution
		SolutionGuid = {00A01422-F2F4-4A42-B110-DC3E89A50C6A}
	EndGlobalSection
EndGlobal
